
Microsoft Visual Studio Solution File, Format Version 12.00
# Visual Studio Version 16
VisualStudioVersion = 16.0.31025.194
MinimumVisualStudioVersion = 10.0.40219.1
Project("{9A19103F-16F7-4668-BE54-9A1E7A4F7556}") = "CourseApplications.Api", "CourseApplications.Api\CourseApplications.Api.csproj", "{D6136267-8FD1-4422-960D-45BEA4586391}"
EndProject
Project("{9A19103F-16F7-4668-BE54-9A1E7A4F7556}") = "CourseApplications.Tests", "CourseApplications.Tests\CourseApplications.Tests.csproj", "{F719333E-87B6-460B-ACD2-E23613559DDD}"
EndProject
Project("{9A19103F-16F7-4668-BE54-9A1E7A4F7556}") = "CourseApplications.Api.Models", "CourseApplications.Api.Models\CourseApplications.Api.Models.csproj", "{A6E76546-0410-4BA6-8F99-D71C72CCF43E}"
EndProject
Project("{9A19103F-16F7-4668-BE54-9A1E7A4F7556}") = "CourseApplications.DAL", "CourseApplications.DAL\CourseApplications.DAL.csproj", "{C43C4049-F924-4A35-8880-8192A29130D9}"
EndProject
Project("{FAE04EC0-301F-11D3-BF4B-00C04F79EFBC}") = "CourseApplications.Api.Security", "CourseApplications.Api.Security\CourseApplications.Api.Security.csproj", "{71C7F07C-69AE-4532-802E-C4D7E0DBB1FB}"
EndProject
Project("{FAE04EC0-301F-11D3-BF4B-00C04F79EFBC}") = "CourseApplications.Services", "CourseApplications.Services\CourseApplications.Services.csproj", "{2E5F948F-D11F-4726-ADED-31C41638F719}"
EndProject
Global
	GlobalSection(SolutionConfigurationPlatforms) = preSolution
		Debug|Any CPU = Debug|Any CPU
		Release|Any CPU = Release|Any CPU
	EndGlobalSection
	GlobalSection(ProjectConfigurationPlatforms) = postSolution
		{D6136267-8FD1-4422-960D-45BEA4586391}.Debug|Any CPU.ActiveCfg = Debug|Any CPU
		{D6136267-8FD1-4422-960D-45BEA4586391}.Debug|Any CPU.Build.0 = Debug|Any CPU
		{D6136267-8FD1-4422-960D-45BEA4586391}.Release|Any CPU.ActiveCfg = Release|Any CPU
		{D6136267-8FD1-4422-960D-45BEA4586391}.Release|Any CPU.Build.0 = Release|Any CPU
		{F719333E-87B6-460B-ACD2-E23613559DDD}.Debug|Any CPU.ActiveCfg = Debug|Any CPU
		{F719333E-87B6-460B-ACD2-E23613559DDD}.Debug|Any CPU.Build.0 = Debug|Any CPU
		{F719333E-87B6-460B-ACD2-E23613559DDD}.Release|Any CPU.ActiveCfg = Release|Any CPU
		{F719333E-87B6-460B-ACD2-E23613559DDD}.Release|Any CPU.Build.0 = Release|Any CPU
		{A6E76546-0410-4BA6-8F99-D71C72CCF43E}.Debug|Any CPU.ActiveCfg = Debug|Any CPU
		{A6E76546-0410-4BA6-8F99-D71C72CCF43E}.Debug|Any CPU.Build.0 = Debug|Any CPU
		{A6E76546-0410-4BA6-8F99-D71C72CCF43E}.Release|Any CPU.ActiveCfg = Release|Any CPU
		{A6E76546-0410-4BA6-8F99-D71C72CCF43E}.Release|Any CPU.Build.0 = Release|Any CPU
		{C43C4049-F924-4A35-8880-8192A29130D9}.Debug|Any CPU.ActiveCfg = Debug|Any CPU
		{C43C4049-F924-4A35-8880-8192A29130D9}.Debug|Any CPU.Build.0 = Debug|Any CPU
		{C43C4049-F924-4A35-8880-8192A29130D9}.Release|Any CPU.ActiveCfg = Release|Any CPU
		{C43C4049-F924-4A35-8880-8192A29130D9}.Release|Any CPU.Build.0 = Release|Any CPU
		{71C7F07C-69AE-4532-802E-C4D7E0DBB1FB}.Debug|Any CPU.ActiveCfg = Debug|Any CPU
		{71C7F07C-69AE-4532-802E-C4D7E0DBB1FB}.Debug|Any CPU.Build.0 = Debug|Any CPU
		{71C7F07C-69AE-4532-802E-C4D7E0DBB1FB}.Release|Any CPU.ActiveCfg = Release|Any CPU
		{71C7F07C-69AE-4532-802E-C4D7E0DBB1FB}.Release|Any CPU.Build.0 = Release|Any CPU
		{2E5F948F-D11F-4726-ADED-31C41638F719}.Debug|Any CPU.ActiveCfg = Debug|Any CPU
		{2E5F948F-D11F-4726-ADED-31C41638F719}.Debug|Any CPU.Build.0 = Debug|Any CPU
		{2E5F948F-D11F-4726-ADED-31C41638F719}.Release|Any CPU.ActiveCfg = Release|Any CPU
		{2E5F948F-D11F-4726-ADED-31C41638F719}.Release|Any CPU.Build.0 = Release|Any CPU
	EndGlobalSection
	GlobalSection(SolutionProperties) = preSolution
		HideSolutionNode = FALSE
	EndGlobalSection
	GlobalSection(ExtensibilityGlobals) = postSolution
		SolutionGuid = {5D844DC7-C112-45CD-ADF7-21B9E21F3B40}
	EndGlobalSection
EndGlobal
